[[package]]
category = "main"
description = "asyncio (PEP 3156) Redis support"
name = "aioredis"
optional = false
python-versions = "*"
version = "1.3.1"

[package.dependencies]
async-timeout = "*"
hiredis = "*"

[[package]]
category = "dev"
description = "A small Python module for determining appropriate platform-specific dirs, e.g. a \"user data dir\"."
name = "appdirs"
optional = false
python-versions = "*"
version = "1.4.3"

[[package]]
category = "main"
description = "ASGI specs, helper code, and adapters"
name = "asgiref"
optional = false
python-versions = ">=3.5"
version = "3.2.7"

[package.extras]
tests = ["pytest (>=4.3.0,<4.4.0)", "pytest-asyncio (>=0.10.0,<0.11.0)"]

[[package]]
category = "main"
description = "Timeout context manager for asyncio programs"
name = "async-timeout"
optional = false
python-versions = ">=3.5.3"
version = "3.0.1"

[[package]]
category = "dev"
description = "Classes Without Boilerplate"
name = "attrs"
optional = false
python-versions = ">=2.7, !=3.0.*, !=3.1.*, !=3.2.*, !=3.3.*"
version = "19.3.0"

[package.extras]
azure-pipelines = ["coverage", "hypothesis", "pympler", "pytest (>=4.3.0)", "six", "zope.interface", "pytest-azurepipelines"]
dev = ["coverage", "hypothesis", "pympler", "pytest (>=4.3.0)", "six", "zope.interface", "sphinx", "pre-commit"]
docs = ["sphinx", "zope.interface"]
tests = ["coverage", "hypothesis", "pympler", "pytest (>=4.3.0)", "six", "zope.interface"]

[[package]]
category = "dev"
description = "The uncompromising code formatter."
name = "black"
optional = false
python-versions = ">=3.6"
version = "19.10b0"

[package.dependencies]
appdirs = "*"
attrs = ">=18.1.0"
click = ">=6.5"
pathspec = ">=0.6,<1"
regex = "*"
toml = ">=0.9.4"
typed-ast = ">=1.4.0"

[package.extras]
d = ["aiohttp (>=3.3.2)", "aiohttp-cors"]

[[package]]
category = "main"
description = "Composable command line interface toolkit"
name = "click"
optional = false
python-versions = ">=2.7, !=3.0.*, !=3.1.*, !=3.2.*, !=3.3.*, !=3.4.*"
version = "7.1.1"

[[package]]
category = "main"
description = "A high-level Python Web framework that encourages rapid development and clean, pragmatic design."
name = "django"
optional = false
python-versions = ">=3.6"
version = "3.0.4"

[package.dependencies]
asgiref = ">=3.2,<4.0"
pytz = "*"
sqlparse = ">=0.2.2"

[package.extras]
argon2 = ["argon2-cffi (>=16.1.0)"]
bcrypt = ["bcrypt"]

[[package]]
category = "main"
description = "django-admin-interface is a modern responsive flat admin interface customizable by the admin itself."
name = "django-admin-interface"
optional = false
python-versions = "*"
version = "0.12.1"

[package.dependencies]
django-colorfield = ">=0.2,<1.0"
django-flat-responsive = ">=1.0,<3.0"
django-flat-theme = ">=1.0,<2.0"
six = ">=1.9.0,<2.0.0"

[[package]]
category = "main"
description = "Sanity for the django choices functionality."
name = "django-choices"
optional = false
python-versions = "*"
version = "1.7.1"

[package.dependencies]
Django = ">=1.11"
six = ">=1.13.0"

[[package]]
category = "main"
description = "simple color field for your models with a nice color-picker in the admin-interface."
name = "django-colorfield"
optional = false
python-versions = "*"
version = "0.2.2"

[[package]]
category = "main"
description = "django-cors-headers is a Django application for handling the server headers required for Cross-Origin Resource Sharing (CORS)."
name = "django-cors-headers"
optional = false
python-versions = ">=3.5"
version = "3.2.1"

[package.dependencies]
Django = ">=1.11"

[[package]]
category = "dev"
description = "A configurable set of panels that display various debug information about the current request/response."
name = "django-debug-toolbar"
optional = false
python-versions = ">=3.5"
version = "2.2"

[package.dependencies]
Django = ">=1.11"
sqlparse = ">=0.2.0"

[[package]]
category = "main"
description = "Django-environ allows you to utilize 12factor inspired environment variables to configure your Django application."
name = "django-environ"
optional = false
python-versions = "*"
version = "0.4.5"

[[package]]
category = "main"
description = "An extension for Django admin that makes interface mobile friendly."
name = "django-flat-responsive"
optional = false
python-versions = "*"
version = "2.0"

[[package]]
category = "main"
description = "A flat theme for Django admin interface. Modern, fresh, simple."
name = "django-flat-theme"
optional = false
python-versions = "*"
version = "1.1.4"

[[package]]
category = "main"
description = "Django friendly finite state machine support."
name = "django-fsm"
optional = false
python-versions = "*"
version = "2.7.0"

[[package]]
category = "main"
description = "Django model mixins and utilities"
name = "django-model-utils"
optional = false
python-versions = "*"
version = "4.0.0"

[package.dependencies]
Django = ">=2.0.1"

[[package]]
category = "main"
description = "Django admin classes that allow for nested inlines"
name = "django-nested-admin"
optional = false
python-versions = "*"
version = "3.2.4"

[package.dependencies]
python-monkey-business = ">=1.0.0"
six = "*"

[[package]]
category = "main"
description = "A Django app for adding object tools for models in the admin"
name = "django-object-actions"
optional = false
python-versions = "*"
version = "2.0.0"

[[package]]
category = "main"
description = "Allows ORM constructs to be sealed to prevent them from executing queries on attribute accesses."
name = "django-seal"
optional = false
python-versions = "*"
version = "1.2.3"

[package.dependencies]
Django = ">=1.11"

[[package]]
category = "dev"
description = "colorful TAB completion for Python prompt"
name = "fancycompleter"
optional = false
python-versions = "*"
version = "0.9.1"

[package.dependencies]
pyreadline = "*"
pyrepl = ">=0.8.2"

[[package]]
category = "main"
description = "GraphQL implementation for Python, a port of GraphQL.js, the JavaScript reference implementation for GraphQL."
name = "graphql-core"
optional = false
python-versions = ">=3.6,<4"
version = "3.1.0"

[[package]]
category = "main"
description = "A pure-Python, bring-your-own-I/O implementation of HTTP/1.1"
name = "h11"
optional = false
python-versions = "*"
version = "0.9.0"

[[package]]
category = "main"
description = "Python wrapper for hiredis"
name = "hiredis"
optional = false
python-versions = ">=2.7, !=3.0.*, !=3.1.*, !=3.2.*, !=3.3.*"
version = "1.0.1"

[[package]]
category = "main"
description = "A collection of framework independent HTTP protocol utils."
marker = "sys_platform != \"win32\" and sys_platform != \"cygwin\" and platform_python_implementation != \"PyPy\""
name = "httptools"
optional = false
python-versions = "*"
version = "0.1.1"

[package.extras]
test = ["Cython (0.29.14)"]

[[package]]
category = "main"
description = "Integrated process monitor for developing and reloading daemons."
name = "hupper"
optional = false
python-versions = ">=2.7,!=3.0.*,!=3.1.*,!=3.2.*,!=3.3.*"
version = "1.10.2"

[package.extras]
docs = ["watchdog", "sphinx", "pylons-sphinx-themes"]
testing = ["watchdog", "pytest", "pytest-cov", "mock"]

[[package]]
category = "main"
description = "A Python utility / library to sort Python imports."
name = "isort"
optional = false
python-versions = ">=2.7, !=3.0.*, !=3.1.*, !=3.2.*, !=3.3.*"
version = "4.3.21"

[package.extras]
pipfile = ["pipreqs", "requirementslib"]
pyproject = ["toml"]
requirements = ["pipreqs", "pip-api"]
xdg_home = ["appdirs (>=1.4.0)"]

[[package]]
category = "dev"
description = "Utility library for gitignore style pattern matching of file paths."
name = "pathspec"
optional = false
python-versions = ">=2.7, !=3.0.*, !=3.1.*, !=3.2.*, !=3.3.*, !=3.4.*"
version = "0.7.0"

[[package]]
category = "dev"
description = "pdb++, a drop-in replacement for pdb"
name = "pdbpp"
optional = false
python-versions = "*"
version = "0.10.2"

[package.dependencies]
fancycompleter = ">=0.8"
pygments = "*"
wmctrl = "*"

[package.extras]
funcsigs = ["funcsigs"]
testing = ["funcsigs", "pytest"]

[[package]]
category = "main"
description = "psycopg2 - Python-PostgreSQL Database Adapter"
name = "psycopg2"
optional = false
python-versions = ">=2.7,!=3.0.*,!=3.1.*,!=3.2.*,!=3.3.*"
version = "2.8.5"

[[package]]
category = "main"
description = "Pygments is a syntax highlighting package written in Python."
name = "pygments"
optional = false
python-versions = ">=3.5"
version = "2.6.1"

[[package]]
category = "dev"
description = "A python implmementation of GNU readline."
marker = "platform_system == \"Windows\""
name = "pyreadline"
optional = false
python-versions = "*"
version = "2.1"

[[package]]
category = "dev"
description = "A library for building flexible command line interfaces"
name = "pyrepl"
optional = false
python-versions = "*"
version = "0.9.0"

[[package]]
category = "main"
description = "Utility functions for monkey-patching python code"
name = "python-monkey-business"
optional = false
python-versions = "*"
version = "1.0.0"

[package.dependencies]
six = ">=1.7.0"

[[package]]
category = "main"
description = "World timezone definitions, modern and historical"
name = "pytz"
optional = false
python-versions = "*"
version = "2019.3"

[[package]]
category = "dev"
description = "Alternative regular expression module, to replace re."
name = "regex"
optional = false
python-versions = "*"
version = "2020.2.20"

[[package]]
category = "main"
description = "Python 2 and 3 compatibility utilities"
name = "six"
optional = false
python-versions = ">=2.7, !=3.0.*, !=3.1.*, !=3.2.*"
version = "1.14.0"

[[package]]
category = "main"
description = "Non-validating SQL parser"
name = "sqlparse"
optional = false
python-versions = ">=2.7, !=3.0.*, !=3.1.*, !=3.2.*, !=3.3.*"
version = "0.3.1"

[[package]]
category = "main"
description = "The little ASGI library that shines."
name = "starlette"
optional = false
python-versions = ">=3.6"
version = "0.13.4"

[package.extras]
full = ["aiofiles", "graphene", "itsdangerous", "jinja2", "python-multipart", "pyyaml", "requests", "ujson"]

[[package]]
category = "main"
description = "A library for creating GraphQL APIs"
name = "strawberry-graphql"
optional = false
python-versions = ">=3.7,<4.0"
version = "0.25.1"

[package.dependencies]
asgiref = ">=3.2,<4.0"
click = ">=7.0,<8.0"
graphql-core = ">=3.0.0,<4.0.0"
hupper = ">=1.5,<2.0"
pygments = ">=2.3,<3.0"
starlette = "0.13.4"
uvicorn = "0.11.5"

[package.extras]
django = ["django (>=2,<4)"]
flask = ["flask (>=1.1,<2.0)"]

[[package]]
category = "dev"
description = "Python Library for Tom's Obvious, Minimal Language"
name = "toml"
optional = false
python-versions = "*"
version = "0.10.0"

[[package]]
category = "dev"
description = "a fork of Python 2 and 3 ast modules with type comment support"
name = "typed-ast"
optional = false
python-versions = "*"
version = "1.4.1"

[[package]]
category = "main"
description = "The lightning-fast ASGI server."
name = "uvicorn"
optional = false
python-versions = "*"
version = "0.11.5"

[package.dependencies]
click = ">=7.0.0,<8.0.0"
h11 = ">=0.8,<0.10"
httptools = ">=0.1.0,<0.2.0"
uvloop = ">=0.14.0"
websockets = ">=8.0.0,<9.0.0"

[package.extras]
watchgodreload = ["watchgod (>=0.6,<0.7)"]

[[package]]
category = "main"
description = "Fast implementation of asyncio event loop on top of libuv"
marker = "sys_platform != \"win32\" and sys_platform != \"cygwin\" and platform_python_implementation != \"PyPy\""
name = "uvloop"
optional = false
python-versions = "*"
version = "0.14.0"

[[package]]
category = "main"
description = "An implementation of the WebSocket Protocol (RFC 6455 & 7692)"
name = "websockets"
optional = false
python-versions = ">=3.6.1"
version = "8.1"

[[package]]
category = "dev"
description = "A tool to programmatically control windows inside X"
name = "wmctrl"
optional = false
python-versions = "*"
version = "0.3"

[metadata]
content-hash = "82a891bf40424a8940e784df8b3b5d27b24d2c9e64e8b70e4c13fa6afb0de654"
python-versions = "^3.8"

[metadata.files]
aioredis = [
    {file = "aioredis-1.3.1-py3-none-any.whl", hash = "sha256:b61808d7e97b7cd5a92ed574937a079c9387fdadd22bfbfa7ad2fd319ecc26e3"},
    {file = "aioredis-1.3.1.tar.gz", hash = "sha256:15f8af30b044c771aee6787e5ec24694c048184c7b9e54c3b60c750a4b93273a"},
]
appdirs = [
    {file = "appdirs-1.4.3-py2.py3-none-any.whl", hash = "sha256:d8b24664561d0d34ddfaec54636d502d7cea6e29c3eaf68f3df6180863e2166e"},
    {file = "appdirs-1.4.3.tar.gz", hash = "sha256:9e5896d1372858f8dd3344faf4e5014d21849c756c8d5701f78f8a103b372d92"},
]
asgiref = [
    {file = "asgiref-3.2.7-py2.py3-none-any.whl", hash = "sha256:9ca8b952a0a9afa61d30aa6d3d9b570bb3fd6bafcf7ec9e6bed43b936133db1c"},
    {file = "asgiref-3.2.7.tar.gz", hash = "sha256:8036f90603c54e93521e5777b2b9a39ba1bad05773fcf2d208f0299d1df58ce5"},
]
async-timeout = [
    {file = "async-timeout-3.0.1.tar.gz", hash = "sha256:0c3c816a028d47f659d6ff5c745cb2acf1f966da1fe5c19c77a70282b25f4c5f"},
    {file = "async_timeout-3.0.1-py3-none-any.whl", hash = "sha256:4291ca197d287d274d0b6cb5d6f8f8f82d434ed288f962539ff18cc9012f9ea3"},
]
attrs = [
    {file = "attrs-19.3.0-py2.py3-none-any.whl", hash = "sha256:08a96c641c3a74e44eb59afb61a24f2cb9f4d7188748e76ba4bb5edfa3cb7d1c"},
    {file = "attrs-19.3.0.tar.gz", hash = "sha256:f7b7ce16570fe9965acd6d30101a28f62fb4a7f9e926b3bbc9b61f8b04247e72"},
]
black = [
    {file = "black-19.10b0-py36-none-any.whl", hash = "sha256:1b30e59be925fafc1ee4565e5e08abef6b03fe455102883820fe5ee2e4734e0b"},
    {file = "black-19.10b0.tar.gz", hash = "sha256:c2edb73a08e9e0e6f65a0e6af18b059b8b1cdd5bef997d7a0b181df93dc81539"},
]
click = [
    {file = "click-7.1.1-py2.py3-none-any.whl", hash = "sha256:e345d143d80bf5ee7534056164e5e112ea5e22716bbb1ce727941f4c8b471b9a"},
    {file = "click-7.1.1.tar.gz", hash = "sha256:8a18b4ea89d8820c5d0c7da8a64b2c324b4dabb695804dbfea19b9be9d88c0cc"},
]
django = [
    {file = "Django-3.0.4-py3-none-any.whl", hash = "sha256:89e451bfbb815280b137e33e454ddd56481fdaa6334054e6e031041ee1eda360"},
    {file = "Django-3.0.4.tar.gz", hash = "sha256:50b781f6cbeb98f673aa76ed8e572a019a45e52bdd4ad09001072dfd91ab07c8"},
]
django-admin-interface = [
    {file = "django-admin-interface-0.12.1.tar.gz", hash = "sha256:7e7d703554a937ac3f700a4ac2733e4100405433bc6899467f3fc6c24bd60221"},
    {file = "django_admin_interface-0.12.1-py2-none-any.whl", hash = "sha256:8540b802d6cd60e4e94662256b6951e484c5432f776eaa8ebc7a135cf37b2924"},
]
django-choices = [
    {file = "django-choices-1.7.1.tar.gz", hash = "sha256:5fa69f54c57ea4b99c55f261e0862a7c59d2950363cf1f80a7b2c7393fd5c6e3"},
    {file = "django_choices-1.7.1-py2.py3-none-any.whl", hash = "sha256:010b773c2ffc58e616701ba417bafdbf5ae23b5bcd18d6101d2c9755e0c2b4de"},
]
django-colorfield = [
    {file = "django-colorfield-0.2.2.tar.gz", hash = "sha256:49cfce71365de88130e65ced8f2c5c4826b31e9ab0c5f0e721ff13a830b5be76"},
    {file = "django_colorfield-0.2.2-py2-none-any.whl", hash = "sha256:ecb8af68f35028e35f973ddb687c2dcae86d028c6da1b72580c0d3fae915d3b7"},
]
django-cors-headers = [
    {file = "django-cors-headers-3.2.1.tar.gz", hash = "sha256:a5960addecc04527ab26617e51b8ed42f0adab4594b24bb0f3c33e2bd3857c3f"},
    {file = "django_cors_headers-3.2.1-py3-none-any.whl", hash = "sha256:a785b5f446f6635810776d9f5f5d23e6a2a2f728ea982648370afaf0dfdf2627"},
]
django-debug-toolbar = [
    {file = "django-debug-toolbar-2.2.tar.gz", hash = "sha256:eabbefe89881bbe4ca7c980ff102e3c35c8e8ad6eb725041f538988f2f39a943"},
    {file = "django_debug_toolbar-2.2-py3-none-any.whl", hash = "sha256:ff94725e7aae74b133d0599b9bf89bd4eb8f5d2c964106e61d11750228c8774c"},
]
django-environ = [
    {file = "django-environ-0.4.5.tar.gz", hash = "sha256:6c9d87660142608f63ec7d5ce5564c49b603ea8ff25da595fd6098f6dc82afde"},
    {file = "django_environ-0.4.5-py2.py3-none-any.whl", hash = "sha256:c57b3c11ec1f319d9474e3e5a79134f40174b17c7cc024bbb2fad84646b120c4"},
]
django-flat-responsive = [
    {file = "django-flat-responsive-2.0.tar.gz", hash = "sha256:451caa2700c541b52fb7ce2d34d3d8dee9e980cf29f5463bc8a8c6256a1a6474"},
]
django-flat-theme = [
    {file = "django-flat-theme-1.1.4.tar.gz", hash = "sha256:6b522d8c2b5a8228b30947fb002eff2868da076e9beacf3e798410e5c1a2d849"},
]
django-fsm = [
    {file = "django-fsm-2.7.0.tar.gz", hash = "sha256:9f42111814a273cdfd79cdf839f3596bc48b9cfe5fe5102293f07ade5b0048d5"},
    {file = "django_fsm-2.7.0-py2.py3-none-any.whl", hash = "sha256:d5b0ca13965261f4fffad350fadd388dcfd9b6712399a84021073a40b161fbd7"},
]
django-model-utils = [
    {file = "django-model-utils-4.0.0.tar.gz", hash = "sha256:adf09e5be15122a7f4e372cb5a6dd512bbf8d78a23a90770ad0983ee9d909061"},
    {file = "django_model_utils-4.0.0-py2.py3-none-any.whl", hash = "sha256:9cf882e5b604421b62dbe57ad2b18464dc9c8f963fc3f9831badccae66c1139c"},
]
django-nested-admin = [
    {file = "django-nested-admin-3.2.4.tar.gz", hash = "sha256:4a1189b57a85496fb319045e5b6db71a1242bc539721179aa3e4f54aae56fe0f"},
    {file = "django_nested_admin-3.2.4-py2.py3-none-any.whl", hash = "sha256:f6175d2fec1c883e9335695119b020267c69796cc95f5f2c9b7a315ad522b2c1"},
]
django-object-actions = [
    {file = "django-object-actions-2.0.0.tar.gz", hash = "sha256:bbf027873c2c5a7b976133630cd8976007b94ef609c09af124683e12f94ad01d"},
    {file = "django_object_actions-2.0.0-py2.py3-none-any.whl", hash = "sha256:69b8c2e4ec57f10fe8f1457e0694b7f81abe486bdb31bd21d7bc39e4c4128538"},
]
django-seal = [
    {file = "django-seal-1.2.3.tar.gz", hash = "sha256:5ac75d16de805d3b04d8bf3b4960eb516f6380058688993e545b60f1d594ca4f"},
    {file = "django_seal-1.2.3-py2.py3-none-any.whl", hash = "sha256:cfda32f1c684cfe38b703ccd5a71cc9887150192c3fe6ae3e271bdaac3a50574"},
]
fancycompleter = [
    {file = "fancycompleter-0.9.1-py3-none-any.whl", hash = "sha256:dd076bca7d9d524cc7f25ec8f35ef95388ffef9ef46def4d3d25e9b044ad7080"},
    {file = "fancycompleter-0.9.1.tar.gz", hash = "sha256:09e0feb8ae242abdfd7ef2ba55069a46f011814a80fe5476be48f51b00247272"},
]
graphql-core = [
    {file = "graphql-core-3.1.0.tar.gz", hash = "sha256:d43cf1f149772c7014656d4bc4c512278a16722e80e4be2daf99894ffef871db"},
    {file = "graphql_core-3.1.0-py3-none-any.whl", hash = "sha256:b654666330c46d6a98405a542e9fde0a499916428cbc11da51eb82be37ef1e05"},
]
h11 = [
    {file = "h11-0.9.0-py2.py3-none-any.whl", hash = "sha256:4bc6d6a1238b7615b266ada57e0618568066f57dd6fa967d1290ec9309b2f2f1"},
    {file = "h11-0.9.0.tar.gz", hash = "sha256:33d4bca7be0fa039f4e84d50ab00531047e53d6ee8ffbc83501ea602c169cae1"},
]
hiredis = [
    {file = "hiredis-1.0.1-cp27-cp27m-macosx_10_6_intel.whl", hash = "sha256:38437a681f17c975fd22349e72c29bc643f8e7eb2d6dc5df419eac59afa4d7ce"},
    {file = "hiredis-1.0.1-cp27-cp27m-manylinux1_i686.whl", hash = "sha256:102f9b9dc6ed57feb3a7c9bdf7e71cb7c278fe8df1edfcfe896bc3e0c2be9447"},
    {file = "hiredis-1.0.1-cp27-cp27m-manylinux1_x86_64.whl", hash = "sha256:dbaef9a21a4f10bc281684ee4124f169e62bb533c2a92b55f8c06f64f9af7b8f"},
    {file = "hiredis-1.0.1-cp27-cp27m-manylinux2010_i686.whl", hash = "sha256:03ed34a13316d0c34213c4fd46e0fa3a5299073f4d4f08e93fed8c2108b399b3"},
    {file = "hiredis-1.0.1-cp27-cp27m-manylinux2010_x86_64.whl", hash = "sha256:d6456afeddba036def1a36d8a2758eca53202308d83db20ab5d0b66590919627"},
    {file = "hiredis-1.0.1-cp27-cp27m-win32.whl", hash = "sha256:4a60e71625a2d78d8ab84dfb2fa2cfd9458c964b6e6c04fea76d9ade153fb371"},
    {file = "hiredis-1.0.1-cp27-cp27m-win_amd64.whl", hash = "sha256:091eb38fbf968d1c5b703e412bbbd25f43a7967d8400842cee33a5a07b33c27b"},
    {file = "hiredis-1.0.1-cp27-cp27mu-manylinux1_i686.whl", hash = "sha256:75c65c3850e89e9daa68d1b9bedd5806f177d60aa5a7b0953b4829481cfc1f72"},
    {file = "hiredis-1.0.1-cp27-cp27mu-manylinux1_x86_64.whl", hash = "sha256:fa2dc05b87d97acc1c6ae63f3e0f39eae5246565232484b08db6bf2dc1580678"},
    {file = "hiredis-1.0.1-cp27-cp27mu-manylinux2010_i686.whl", hash = "sha256:74b364b3f06c9cf0a53f7df611045bc9437ed972a283fa1f0b12537236d23ddc"},
    {file = "hiredis-1.0.1-cp27-cp27mu-manylinux2010_x86_64.whl", hash = "sha256:9afeb88c67bbc663b9f27385c496da056d06ad87f55df6e393e1516cfecb0461"},
    {file = "hiredis-1.0.1-cp35-cp35m-macosx_10_6_intel.whl", hash = "sha256:040436e91df5143aff9e0debb49530d0b17a6bd52200ce568621c31ef581b10d"},
    {file = "hiredis-1.0.1-cp35-cp35m-manylinux1_i686.whl", hash = "sha256:2b4b392c7e3082860c8371fab3ae762139090f9115819e12d9f56060f9ede05d"},
    {file = "hiredis-1.0.1-cp35-cp35m-manylinux1_x86_64.whl", hash = "sha256:936aa565e673536e8a211e43ec43197406f24cd1f290138bd143765079c8ba00"},
    {file = "hiredis-1.0.1-cp35-cp35m-manylinux2010_i686.whl", hash = "sha256:48c627581ad4ef60adbac980981407939acf13a0e18f093502c7b542223c4f19"},
    {file = "hiredis-1.0.1-cp35-cp35m-manylinux2010_x86_64.whl", hash = "sha256:9d62cc7880110e4f83b0a51d218f465d3095e2751fbddd34e553dbd106a929ff"},
    {file = "hiredis-1.0.1-cp35-cp35m-win32.whl", hash = "sha256:8113a7d5e87ecf57cd4ae263cc9e429adb9a3e59f5a7768da5d3312a8d0a051a"},
    {file = "hiredis-1.0.1-cp35-cp35m-win_amd64.whl", hash = "sha256:fe7d6ce9f6a5fbe24f09d95ea93e9c7271abc4e1565da511e1449b107b4d7848"},
    {file = "hiredis-1.0.1-cp36-cp36m-macosx_10_6_intel.whl", hash = "sha256:efc98b14ee3a8595e40b1425e8d42f5fd26f11a7b215a81ef9259068931754f4"},
    {file = "hiredis-1.0.1-cp36-cp36m-manylinux1_i686.whl", hash = "sha256:01ff0900134166961c9e339df77c33b72f7edc5cb41739f0babcd9faa345926e"},
    {file = "hiredis-1.0.1-cp36-cp36m-manylinux1_x86_64.whl", hash = "sha256:d0caf98dfb8af395d6732bd16561c0a2458851bea522e39f12f04802dbf6f502"},
    {file = "hiredis-1.0.1-cp36-cp36m-manylinux2010_i686.whl", hash = "sha256:ae2ee0992f8de249715435942137843a93db204dd7db1e7cc9bdc5a8436443e8"},
    {file = "hiredis-1.0.1-cp36-cp36m-manylinux2010_x86_64.whl", hash = "sha256:4414a96c212e732723b5c3d7c04d386ebbb2ec359e1de646322cbc3f875cbd0d"},
    {file = "hiredis-1.0.1-cp36-cp36m-win32.whl", hash = "sha256:7f052de8bf744730a9120dbdc67bfeb7605a01f69fb8e7ba5c475af33c24e145"},
    {file = "hiredis-1.0.1-cp36-cp36m-win_amd64.whl", hash = "sha256:2fa65a9df683bca72073cd77709ddeb289ea2b114d3775d225fbbcc5faf808c5"},
    {file = "hiredis-1.0.1-cp37-cp37m-macosx_10_6_intel.whl", hash = "sha256:585ace09f434e43d8a8dbeb366865b1a044d7c06319b3c7372a0a00e63b860f4"},
    {file = "hiredis-1.0.1-cp37-cp37m-manylinux1_i686.whl", hash = "sha256:bcbf9379c553b5facc6c04c1e5569b44b38ff16bcbf354676287698d61ee0c92"},
    {file = "hiredis-1.0.1-cp37-cp37m-manylinux1_x86_64.whl", hash = "sha256:3b3428fa3cf1ee178807b52c9bee8950ab94cd4eaa9bfae8c1bbae3c49501d34"},
    {file = "hiredis-1.0.1-cp37-cp37m-manylinux2010_i686.whl", hash = "sha256:cbccbda6f1c62ab460449d9c85fdf24d0d32a6bf45176581151e53cc26a5d910"},
    {file = "hiredis-1.0.1-cp37-cp37m-manylinux2010_x86_64.whl", hash = "sha256:2c9cc0b986397b833073f466e6b9e9c70d1d4dc2c2c1b3e9cae3a23102ff296c"},
    {file = "hiredis-1.0.1-cp37-cp37m-win32.whl", hash = "sha256:84857ce239eb8ed191ac78e77ff65d52902f00f30f4ee83bf80eb71da73b70e6"},
    {file = "hiredis-1.0.1-cp37-cp37m-win_amd64.whl", hash = "sha256:b36842d7cf32929d568f37ec5b3173b72b2ec6572dec4d6be6ce774762215aee"},
    {file = "hiredis-1.0.1-cp38-cp38-macosx_10_9_x86_64.whl", hash = "sha256:3dd8c2fae7f5494978facb0e93297dd627b1a3f536f3b070cf0a7d9157a07dcb"},
    {file = "hiredis-1.0.1-cp38-cp38-manylinux1_i686.whl", hash = "sha256:01b577f84c20ecc9c07fc4c184231b08e3c3942de096fa99978e053de231c423"},
    {file = "hiredis-1.0.1-cp38-cp38-manylinux1_x86_64.whl", hash = "sha256:a1fadd062fc8d647ff39220c57ea2b48c99bb73f18223828ec97f88fc27e7898"},
    {file = "hiredis-1.0.1-cp38-cp38-manylinux2010_i686.whl", hash = "sha256:dce84916c09aaece006272b37234ae84a8ed13abb3a4d341a23933b8701abfb5"},
    {file = "hiredis-1.0.1-cp38-cp38-manylinux2010_x86_64.whl", hash = "sha256:8644a48ddc4a40b3e3a6b9443f396c2ee353afb2d45656c4fc68d04a82e8e3f7"},
    {file = "hiredis-1.0.1-cp38-cp38-win32.whl", hash = "sha256:eb8c9c8b9869539d58d60ff4a28373a22514d40495911451343971cb4835b7a9"},
    {file = "hiredis-1.0.1-cp38-cp38-win_amd64.whl", hash = "sha256:a7754a783b1e5d6f627c19d099b178059c62f782ab62b4d8ba165b9fbc2ee34c"},
    {file = "hiredis-1.0.1.tar.gz", hash = "sha256:aa59dd63bb3f736de4fc2d080114429d5d369dfb3265f771778e8349d67a97a4"},
]
httptools = [
    {file = "httptools-0.1.1-cp35-cp35m-macosx_10_13_x86_64.whl", hash = "sha256:a2719e1d7a84bb131c4f1e0cb79705034b48de6ae486eb5297a139d6a3296dce"},
    {file = "httptools-0.1.1-cp35-cp35m-manylinux1_x86_64.whl", hash = "sha256:fa3cd71e31436911a44620473e873a256851e1f53dee56669dae403ba41756a4"},
    {file = "httptools-0.1.1-cp36-cp36m-macosx_10_13_x86_64.whl", hash = "sha256:86c6acd66765a934e8730bf0e9dfaac6fdcf2a4334212bd4a0a1c78f16475ca6"},
    {file = "httptools-0.1.1-cp36-cp36m-manylinux1_x86_64.whl", hash = "sha256:bc3114b9edbca5a1eb7ae7db698c669eb53eb8afbbebdde116c174925260849c"},
    {file = "httptools-0.1.1-cp36-cp36m-win_amd64.whl", hash = "sha256:ac0aa11e99454b6a66989aa2d44bca41d4e0f968e395a0a8f164b401fefe359a"},
    {file = "httptools-0.1.1-cp37-cp37m-macosx_10_13_x86_64.whl", hash = "sha256:96da81e1992be8ac2fd5597bf0283d832287e20cb3cfde8996d2b00356d4e17f"},
    {file = "httptools-0.1.1-cp37-cp37m-manylinux1_x86_64.whl", hash = "sha256:56b6393c6ac7abe632f2294da53f30d279130a92e8ae39d8d14ee2e1b05ad1f2"},
    {file = "httptools-0.1.1-cp37-cp37m-win_amd64.whl", hash = "sha256:96eb359252aeed57ea5c7b3d79839aaa0382c9d3149f7d24dd7172b1bcecb009"},
    {file = "httptools-0.1.1-cp38-cp38-macosx_10_13_x86_64.whl", hash = "sha256:fea04e126014169384dee76a153d4573d90d0cbd1d12185da089f73c78390437"},
    {file = "httptools-0.1.1-cp38-cp38-manylinux1_x86_64.whl", hash = "sha256:3592e854424ec94bd17dc3e0c96a64e459ec4147e6d53c0a42d0ebcef9cb9c5d"},
    {file = "httptools-0.1.1-cp38-cp38-win_amd64.whl", hash = "sha256:0a4b1b2012b28e68306575ad14ad5e9120b34fccd02a81eb08838d7e3bbb48be"},
    {file = "httptools-0.1.1.tar.gz", hash = "sha256:41b573cf33f64a8f8f3400d0a7faf48e1888582b6f6e02b82b9bd4f0bf7497ce"},
]
hupper = [
    {file = "hupper-1.10.2-py2.py3-none-any.whl", hash = "sha256:5de835f3b58324af2a8a16f52270c4d1a3d1734c45eed94b77fd622aea737f29"},
    {file = "hupper-1.10.2.tar.gz", hash = "sha256:3818f53dabc24da66f65cf4878c1c7a9b5df0c46b813e014abdd7c569eb9a02a"},
]
isort = [
    {file = "isort-4.3.21-py2.py3-none-any.whl", hash = "sha256:6e811fcb295968434526407adb8796944f1988c5b65e8139058f2014cbe100fd"},
    {file = "isort-4.3.21.tar.gz", hash = "sha256:54da7e92468955c4fceacd0c86bd0ec997b0e1ee80d97f67c35a78b719dccab1"},
]
pathspec = [
    {file = "pathspec-0.7.0-py2.py3-none-any.whl", hash = "sha256:163b0632d4e31cef212976cf57b43d9fd6b0bac6e67c26015d611a647d5e7424"},
    {file = "pathspec-0.7.0.tar.gz", hash = "sha256:562aa70af2e0d434367d9790ad37aed893de47f1693e4201fd1d3dca15d19b96"},
]
pdbpp = [
    {file = "pdbpp-0.10.2.tar.gz", hash = "sha256:73ff220d5006e0ecdc3e2705d8328d8aa5ac27fef95cc06f6e42cd7d22d55eb8"},
]
psycopg2 = [
    {file = "psycopg2-2.8.5-cp27-cp27m-win32.whl", hash = "sha256:a0984ff49e176062fcdc8a5a2a670c9bb1704a2f69548bce8f8a7bad41c661bf"},
    {file = "psycopg2-2.8.5-cp27-cp27m-win_amd64.whl", hash = "sha256:acf56d564e443e3dea152efe972b1434058244298a94348fc518d6dd6a9fb0bb"},
    {file = "psycopg2-2.8.5-cp34-cp34m-win32.whl", hash = "sha256:440a3ea2c955e89321a138eb7582aa1d22fe286c7d65e26a2c5411af0a88ae72"},
    {file = "psycopg2-2.8.5-cp34-cp34m-win_amd64.whl", hash = "sha256:6b306dae53ec7f4f67a10942cf8ac85de930ea90e9903e2df4001f69b7833f7e"},
    {file = "psycopg2-2.8.5-cp35-cp35m-win32.whl", hash = "sha256:d3b29d717d39d3580efd760a9a46a7418408acebbb784717c90d708c9ed5f055"},
    {file = "psycopg2-2.8.5-cp35-cp35m-win_amd64.whl", hash = "sha256:6a471d4d2a6f14c97a882e8d3124869bc623f3df6177eefe02994ea41fd45b52"},
    {file = "psycopg2-2.8.5-cp36-cp36m-win32.whl", hash = "sha256:27c633f2d5db0fc27b51f1b08f410715b59fa3802987aec91aeb8f562724e95c"},
    {file = "psycopg2-2.8.5-cp36-cp36m-win_amd64.whl", hash = "sha256:2df2bf1b87305bd95eb3ac666ee1f00a9c83d10927b8144e8e39644218f4cf81"},
    {file = "psycopg2-2.8.5-cp37-cp37m-win32.whl", hash = "sha256:ac5b23d0199c012ad91ed1bbb971b7666da651c6371529b1be8cbe2a7bf3c3a9"},
    {file = "psycopg2-2.8.5-cp37-cp37m-win_amd64.whl", hash = "sha256:2c0afb40cfb4d53487ee2ebe128649028c9a78d2476d14a67781e45dc287f080"},
    {file = "psycopg2-2.8.5-cp38-cp38-win32.whl", hash = "sha256:2327bf42c1744a434ed8ed0bbaa9168cac7ee5a22a9001f6fc85c33b8a4a14b7"},
    {file = "psycopg2-2.8.5-cp38-cp38-win_amd64.whl", hash = "sha256:132efc7ee46a763e68a815f4d26223d9c679953cd190f1f218187cb60decf535"},
    {file = "psycopg2-2.8.5.tar.gz", hash = "sha256:f7d46240f7a1ae1dd95aab38bd74f7428d46531f69219954266d669da60c0818"},
]
pygments = [
    {file = "Pygments-2.6.1-py3-none-any.whl", hash = "sha256:ff7a40b4860b727ab48fad6360eb351cc1b33cbf9b15a0f689ca5353e9463324"},
    {file = "Pygments-2.6.1.tar.gz", hash = "sha256:647344a061c249a3b74e230c739f434d7ea4d8b1d5f3721bc0f3558049b38f44"},
]
pyreadline = [
    {file = "pyreadline-2.1.win-amd64.exe", hash = "sha256:9ce5fa65b8992dfa373bddc5b6e0864ead8f291c94fbfec05fbd5c836162e67b"},
    {file = "pyreadline-2.1.win32.exe", hash = "sha256:65540c21bfe14405a3a77e4c085ecfce88724743a4ead47c66b84defcf82c32e"},
    {file = "pyreadline-2.1.zip", hash = "sha256:4530592fc2e85b25b1a9f79664433da09237c1a270e4d78ea5aa3a2c7229e2d1"},
]
pyrepl = [
    {file = "pyrepl-0.9.0.tar.gz", hash = "sha256:292570f34b5502e871bbb966d639474f2b57fbfcd3373c2d6a2f3d56e681a775"},
]
python-monkey-business = [
    {file = "python-monkey-business-1.0.0.tar.gz", hash = "sha256:9976522989766f00b2aaa24ec96eacb91a6de7b7001d1452079323b071988e0e"},
    {file = "python_monkey_business-1.0.0-py2.py3-none-any.whl", hash = "sha256:6d4cf47f011945db838ccf04643acd49b82f7ad6ab7ecba4c8165385687a828a"},
]
pytz = [
    {file = "pytz-2019.3-py2.py3-none-any.whl", hash = "sha256:1c557d7d0e871de1f5ccd5833f60fb2550652da6be2693c1e02300743d21500d"},
    {file = "pytz-2019.3.tar.gz", hash = "sha256:b02c06db6cf09c12dd25137e563b31700d3b80fcc4ad23abb7a315f2789819be"},
]
regex = [
    {file = "regex-2020.2.20-cp27-cp27m-win32.whl", hash = "sha256:99272d6b6a68c7ae4391908fc15f6b8c9a6c345a46b632d7fdb7ef6c883a2bbb"},
    {file = "regex-2020.2.20-cp27-cp27m-win_amd64.whl", hash = "sha256:974535648f31c2b712a6b2595969f8ab370834080e00ab24e5dbb9d19b8bfb74"},
    {file = "regex-2020.2.20-cp36-cp36m-manylinux1_i686.whl", hash = "sha256:5de40649d4f88a15c9489ed37f88f053c15400257eeb18425ac7ed0a4e119400"},
    {file = "regex-2020.2.20-cp36-cp36m-manylinux1_x86_64.whl", hash = "sha256:82469a0c1330a4beb3d42568f82dffa32226ced006e0b063719468dcd40ffdf0"},
    {file = "regex-2020.2.20-cp36-cp36m-manylinux2010_i686.whl", hash = "sha256:d58a4fa7910102500722defbde6e2816b0372a4fcc85c7e239323767c74f5cbc"},
    {file = "regex-2020.2.20-cp36-cp36m-manylinux2010_x86_64.whl", hash = "sha256:f1ac2dc65105a53c1c2d72b1d3e98c2464a133b4067a51a3d2477b28449709a0"},
    {file = "regex-2020.2.20-cp36-cp36m-win32.whl", hash = "sha256:8c2b7fa4d72781577ac45ab658da44c7518e6d96e2a50d04ecb0fd8f28b21d69"},
    {file = "regex-2020.2.20-cp36-cp36m-win_amd64.whl", hash = "sha256:269f0c5ff23639316b29f31df199f401e4cb87529eafff0c76828071635d417b"},
    {file = "regex-2020.2.20-cp37-cp37m-manylinux1_i686.whl", hash = "sha256:bed7986547ce54d230fd8721aba6fd19459cdc6d315497b98686d0416efaff4e"},
    {file = "regex-2020.2.20-cp37-cp37m-manylinux1_x86_64.whl", hash = "sha256:046e83a8b160aff37e7034139a336b660b01dbfe58706f9d73f5cdc6b3460242"},
    {file = "regex-2020.2.20-cp37-cp37m-manylinux2010_i686.whl", hash = "sha256:b33ebcd0222c1d77e61dbcd04a9fd139359bded86803063d3d2d197b796c63ce"},
    {file = "regex-2020.2.20-cp37-cp37m-manylinux2010_x86_64.whl", hash = "sha256:bba52d72e16a554d1894a0cc74041da50eea99a8483e591a9edf1025a66843ab"},
    {file = "regex-2020.2.20-cp37-cp37m-win32.whl", hash = "sha256:01b2d70cbaed11f72e57c1cfbaca71b02e3b98f739ce33f5f26f71859ad90431"},
    {file = "regex-2020.2.20-cp37-cp37m-win_amd64.whl", hash = "sha256:113309e819634f499d0006f6200700c8209a2a8bf6bd1bdc863a4d9d6776a5d1"},
    {file = "regex-2020.2.20-cp38-cp38-manylinux1_i686.whl", hash = "sha256:25f4ce26b68425b80a233ce7b6218743c71cf7297dbe02feab1d711a2bf90045"},
    {file = "regex-2020.2.20-cp38-cp38-manylinux1_x86_64.whl", hash = "sha256:9b64a4cc825ec4df262050c17e18f60252cdd94742b4ba1286bcfe481f1c0f26"},
    {file = "regex-2020.2.20-cp38-cp38-manylinux2010_i686.whl", hash = "sha256:9ff16d994309b26a1cdf666a6309c1ef51ad4f72f99d3392bcd7b7139577a1f2"},
    {file = "regex-2020.2.20-cp38-cp38-manylinux2010_x86_64.whl", hash = "sha256:c7f58a0e0e13fb44623b65b01052dae8e820ed9b8b654bb6296bc9c41f571b70"},
    {file = "regex-2020.2.20-cp38-cp38-win32.whl", hash = "sha256:200539b5124bc4721247a823a47d116a7a23e62cc6695744e3eb5454a8888e6d"},
    {file = "regex-2020.2.20-cp38-cp38-win_amd64.whl", hash = "sha256:7f78f963e62a61e294adb6ff5db901b629ef78cb2a1cfce3cf4eeba80c1c67aa"},
    {file = "regex-2020.2.20.tar.gz", hash = "sha256:9e9624440d754733eddbcd4614378c18713d2d9d0dc647cf9c72f64e39671be5"},
]
six = [
    {file = "six-1.14.0-py2.py3-none-any.whl", hash = "sha256:8f3cd2e254d8f793e7f3d6d9df77b92252b52637291d0f0da013c76ea2724b6c"},
    {file = "six-1.14.0.tar.gz", hash = "sha256:236bdbdce46e6e6a3d61a337c0f8b763ca1e8717c03b369e87a7ec7ce1319c0a"},
]
sqlparse = [
    {file = "sqlparse-0.3.1-py2.py3-none-any.whl", hash = "sha256:022fb9c87b524d1f7862b3037e541f68597a730a8843245c349fc93e1643dc4e"},
    {file = "sqlparse-0.3.1.tar.gz", hash = "sha256:e162203737712307dfe78860cc56c8da8a852ab2ee33750e33aeadf38d12c548"},
]
starlette = [
    {file = "starlette-0.13.4-py3-none-any.whl", hash = "sha256:0fb4b38d22945b46acb880fedee7ee143fd6c0542992501be8c45c0ed737dd1a"},
    {file = "starlette-0.13.4.tar.gz", hash = "sha256:04fe51d86fd9a594d9b71356ed322ccde5c9b448fc716ac74155e5821a922f8d"},
]
strawberry-graphql = [
    {file = "strawberry-graphql-0.25.1.tar.gz", hash = "sha256:fd554d8d17e1b7b23114e836bd1b9af71464af55dec1981fca1408fd3305e565"},
    {file = "strawberry_graphql-0.25.1-py3-none-any.whl", hash = "sha256:e17e94da24e54cc84ba4599c6f469fb3d1c9e51cc3b638c23a5b6733e8766d42"},
]
toml = [
    {file = "toml-0.10.0-py2.7.egg", hash = "sha256:f1db651f9657708513243e61e6cc67d101a39bad662eaa9b5546f789338e07a3"},
    {file = "toml-0.10.0-py2.py3-none-any.whl", hash = "sha256:235682dd292d5899d361a811df37e04a8828a5b1da3115886b73cf81ebc9100e"},
    {file = "toml-0.10.0.tar.gz", hash = "sha256:229f81c57791a41d65e399fc06bf0848bab550a9dfd5ed66df18ce5f05e73d5c"},
]
typed-ast = [
    {file = "typed_ast-1.4.1-cp35-cp35m-manylinux1_i686.whl", hash = "sha256:73d785a950fc82dd2a25897d525d003f6378d1cb23ab305578394694202a58c3"},
    {file = "typed_ast-1.4.1-cp35-cp35m-manylinux1_x86_64.whl", hash = "sha256:aaee9905aee35ba5905cfb3c62f3e83b3bec7b39413f0a7f19be4e547ea01ebb"},
    {file = "typed_ast-1.4.1-cp35-cp35m-win32.whl", hash = "sha256:0c2c07682d61a629b68433afb159376e24e5b2fd4641d35424e462169c0a7919"},
    {file = "typed_ast-1.4.1-cp35-cp35m-win_amd64.whl", hash = "sha256:4083861b0aa07990b619bd7ddc365eb7fa4b817e99cf5f8d9cf21a42780f6e01"},
    {file = "typed_ast-1.4.1-cp36-cp36m-macosx_10_9_x86_64.whl", hash = "sha256:269151951236b0f9a6f04015a9004084a5ab0d5f19b57de779f908621e7d8b75"},
    {file = "typed_ast-1.4.1-cp36-cp36m-manylinux1_i686.whl", hash = "sha256:24995c843eb0ad11a4527b026b4dde3da70e1f2d8806c99b7b4a7cf491612652"},
    {file = "typed_ast-1.4.1-cp36-cp36m-manylinux1_x86_64.whl", hash = "sha256:fe460b922ec15dd205595c9b5b99e2f056fd98ae8f9f56b888e7a17dc2b757e7"},
    {file = "typed_ast-1.4.1-cp36-cp36m-win32.whl", hash = "sha256:4e3e5da80ccbebfff202a67bf900d081906c358ccc3d5e3c8aea42fdfdfd51c1"},
    {file = "typed_ast-1.4.1-cp36-cp36m-win_amd64.whl", hash = "sha256:249862707802d40f7f29f6e1aad8d84b5aa9e44552d2cc17384b209f091276aa"},
    {file = "typed_ast-1.4.1-cp37-cp37m-macosx_10_9_x86_64.whl", hash = "sha256:8ce678dbaf790dbdb3eba24056d5364fb45944f33553dd5869b7580cdbb83614"},
    {file = "typed_ast-1.4.1-cp37-cp37m-manylinux1_i686.whl", hash = "sha256:c9e348e02e4d2b4a8b2eedb48210430658df6951fa484e59de33ff773fbd4b41"},
    {file = "typed_ast-1.4.1-cp37-cp37m-manylinux1_x86_64.whl", hash = "sha256:bcd3b13b56ea479b3650b82cabd6b5343a625b0ced5429e4ccad28a8973f301b"},
    {file = "typed_ast-1.4.1-cp37-cp37m-win32.whl", hash = "sha256:d5d33e9e7af3b34a40dc05f498939f0ebf187f07c385fd58d591c533ad8562fe"},
    {file = "typed_ast-1.4.1-cp37-cp37m-win_amd64.whl", hash = "sha256:0666aa36131496aed8f7be0410ff974562ab7eeac11ef351def9ea6fa28f6355"},
    {file = "typed_ast-1.4.1-cp38-cp38-macosx_10_15_x86_64.whl", hash = "sha256:d205b1b46085271b4e15f670058ce182bd1199e56b317bf2ec004b6a44f911f6"},
    {file = "typed_ast-1.4.1-cp38-cp38-manylinux1_i686.whl", hash = "sha256:6daac9731f172c2a22ade6ed0c00197ee7cc1221aa84cfdf9c31defeb059a907"},
    {file = "typed_ast-1.4.1-cp38-cp38-manylinux1_x86_64.whl", hash = "sha256:498b0f36cc7054c1fead3d7fc59d2150f4d5c6c56ba7fb150c013fbc683a8d2d"},
    {file = "typed_ast-1.4.1-cp38-cp38-win32.whl", hash = "sha256:715ff2f2df46121071622063fc7543d9b1fd19ebfc4f5c8895af64a77a8c852c"},
    {file = "typed_ast-1.4.1-cp38-cp38-win_amd64.whl", hash = "sha256:fc0fea399acb12edbf8a628ba8d2312f583bdbdb3335635db062fa98cf71fca4"},
    {file = "typed_ast-1.4.1-cp39-cp39-macosx_10_15_x86_64.whl", hash = "sha256:d43943ef777f9a1c42bf4e552ba23ac77a6351de620aa9acf64ad54933ad4d34"},
    {file = "typed_ast-1.4.1.tar.gz", hash = "sha256:8c8aaad94455178e3187ab22c8b01a3837f8ee50e09cf31f1ba129eb293ec30b"},
]
uvicorn = [
    {file = "uvicorn-0.11.5-py3-none-any.whl", hash = "sha256:50577d599775dac2301bac8bd5b540d19a9560144143c5bdab13cba92783b6e7"},
    {file = "uvicorn-0.11.5.tar.gz", hash = "sha256:596eaa8645b6dbc24d6610e335f8ddf5f925b4c4b86fdc7146abb0bf0da65d17"},
]
uvloop = [
    {file = "uvloop-0.14.0-cp35-cp35m-macosx_10_11_x86_64.whl", hash = "sha256:08b109f0213af392150e2fe6f81d33261bb5ce968a288eb698aad4f46eb711bd"},
    {file = "uvloop-0.14.0-cp35-cp35m-manylinux2010_x86_64.whl", hash = "sha256:4544dcf77d74f3a84f03dd6278174575c44c67d7165d4c42c71db3fdc3860726"},
    {file = "uvloop-0.14.0-cp36-cp36m-macosx_10_11_x86_64.whl", hash = "sha256:b4f591aa4b3fa7f32fb51e2ee9fea1b495eb75b0b3c8d0ca52514ad675ae63f7"},
    {file = "uvloop-0.14.0-cp36-cp36m-manylinux2010_x86_64.whl", hash = "sha256:f07909cd9fc08c52d294b1570bba92186181ca01fe3dc9ffba68955273dd7362"},
    {file = "uvloop-0.14.0-cp37-cp37m-macosx_10_11_x86_64.whl", hash = "sha256:afd5513c0ae414ec71d24f6f123614a80f3d27ca655a4fcf6cabe50994cc1891"},
    {file = "uvloop-0.14.0-cp37-cp37m-manylinux2010_x86_64.whl", hash = "sha256:e7514d7a48c063226b7d06617cbb12a14278d4323a065a8d46a7962686ce2e95"},
    {file = "uvloop-0.14.0-cp38-cp38-macosx_10_11_x86_64.whl", hash = "sha256:bcac356d62edd330080aed082e78d4b580ff260a677508718f88016333e2c9c5"},
    {file = "uvloop-0.14.0-cp38-cp38-manylinux2010_x86_64.whl", hash = "sha256:4315d2ec3ca393dd5bc0b0089d23101276778c304d42faff5dc4579cb6caef09"},
    {file = "uvloop-0.14.0.tar.gz", hash = "sha256:123ac9c0c7dd71464f58f1b4ee0bbd81285d96cdda8bc3519281b8973e3a461e"},
]
websockets = [
    {file = "websockets-8.1-cp36-cp36m-macosx_10_6_intel.whl", hash = "sha256:3762791ab8b38948f0c4d281c8b2ddfa99b7e510e46bd8dfa942a5fff621068c"},
    {file = "websockets-8.1-cp36-cp36m-manylinux1_i686.whl", hash = "sha256:3db87421956f1b0779a7564915875ba774295cc86e81bc671631379371af1170"},
    {file = "websockets-8.1-cp36-cp36m-manylinux1_x86_64.whl", hash = "sha256:4f9f7d28ce1d8f1295717c2c25b732c2bc0645db3215cf757551c392177d7cb8"},
    {file = "websockets-8.1-cp36-cp36m-manylinux2010_i686.whl", hash = "sha256:295359a2cc78736737dd88c343cd0747546b2174b5e1adc223824bcaf3e164cb"},
    {file = "websockets-8.1-cp36-cp36m-manylinux2010_x86_64.whl", hash = "sha256:1d3f1bf059d04a4e0eb4985a887d49195e15ebabc42364f4eb564b1d065793f5"},
    {file = "websockets-8.1-cp36-cp36m-win32.whl", hash = "sha256:2db62a9142e88535038a6bcfea70ef9447696ea77891aebb730a333a51ed559a"},
    {file = "websockets-8.1-cp36-cp36m-win_amd64.whl", hash = "sha256:0e4fb4de42701340bd2353bb2eee45314651caa6ccee80dbd5f5d5978888fed5"},
    {file = "websockets-8.1-cp37-cp37m-macosx_10_6_intel.whl", hash = "sha256:9b248ba3dd8a03b1a10b19efe7d4f7fa41d158fdaa95e2cf65af5a7b95a4f989"},
    {file = "websockets-8.1-cp37-cp37m-manylinux1_i686.whl", hash = "sha256:ce85b06a10fc65e6143518b96d3dca27b081a740bae261c2fb20375801a9d56d"},
    {file = "websockets-8.1-cp37-cp37m-manylinux1_x86_64.whl", hash = "sha256:965889d9f0e2a75edd81a07592d0ced54daa5b0785f57dc429c378edbcffe779"},
    {file = "websockets-8.1-cp37-cp37m-manylinux2010_i686.whl", hash = "sha256:751a556205d8245ff94aeef23546a1113b1dd4f6e4d102ded66c39b99c2ce6c8"},
    {file = "websockets-8.1-cp37-cp37m-manylinux2010_x86_64.whl", hash = "sha256:3ef56fcc7b1ff90de46ccd5a687bbd13a3180132268c4254fc0fa44ecf4fc422"},
    {file = "websockets-8.1-cp37-cp37m-win32.whl", hash = "sha256:7ff46d441db78241f4c6c27b3868c9ae71473fe03341340d2dfdbe8d79310acc"},
    {file = "websockets-8.1-cp37-cp37m-win_amd64.whl", hash = "sha256:20891f0dddade307ffddf593c733a3fdb6b83e6f9eef85908113e628fa5a8308"},
    {file = "websockets-8.1-cp38-cp38-macosx_10_9_x86_64.whl", hash = "sha256:c1ec8db4fac31850286b7cd3b9c0e1b944204668b8eb721674916d4e28744092"},
    {file = "websockets-8.1-cp38-cp38-manylinux1_i686.whl", hash = "sha256:5c01fd846263a75bc8a2b9542606927cfad57e7282965d96b93c387622487485"},
    {file = "websockets-8.1-cp38-cp38-manylinux1_x86_64.whl", hash = "sha256:9bef37ee224e104a413f0780e29adb3e514a5b698aabe0d969a6ba426b8435d1"},
    {file = "websockets-8.1-cp38-cp38-manylinux2010_i686.whl", hash = "sha256:d705f8aeecdf3262379644e4b55107a3b55860eb812b673b28d0fbc347a60c55"},
    {file = "websockets-8.1-cp38-cp38-manylinux2010_x86_64.whl", hash = "sha256:c8a116feafdb1f84607cb3b14aa1418424ae71fee131642fc568d21423b51824"},
    {file = "websockets-8.1-cp38-cp38-win32.whl", hash = "sha256:e898a0863421650f0bebac8ba40840fc02258ef4714cb7e1fd76b6a6354bda36"},
    {file = "websockets-8.1-cp38-cp38-win_amd64.whl", hash = "sha256:f8a7bff6e8664afc4e6c28b983845c5bc14965030e3fb98789734d416af77c4b"},
    {file = "websockets-8.1.tar.gz", hash = "sha256:5c65d2da8c6bce0fca2528f69f44b2f977e06954c8512a952222cea50dad430f"},
]
wmctrl = [
    {file = "wmctrl-0.3.tar.gz", hash = "sha256:d806f65ac1554366b6e31d29d7be2e8893996c0acbb2824bbf2b1f49cf628a13"},
]
